version = 1
revision = 3
requires-python = ">=3.10"
resolution-markers = [
    "python_full_version >= '3.11'",
    "python_full_version < '3.11'",
]

[[package]]
name = "netflow3d"
version = "0.1.0"
source = { virtual = "." }
dependencies = [
    { name = "networkx" },
    { name = "numpy" },
    { name = "pandas" },
    { name = "scipy" },
]

[package.metadata]
requires-dist = [
    { name = "networkx", specifier = "==2.8.8" },
    { name = "numpy", specifier = "==1.23.5" },
    { name = "pandas", specifier = "==1.5.2" },
    { name = "scipy", specifier = "==1.9.3" },
]

[[package]]
name = "networkx"
version = "2.8.8"
source = { registry = "https://pypi.org/simple" }
sdist = { url = "https://files.pythonhosted.org/packages/cd/16/c44e8550012735b8f21b3df7f39e8ba5a987fb764ac017ad5f3589735889/networkx-2.8.8.tar.gz", hash = "sha256:230d388117af870fce5647a3c52401fcf753e94720e6ea6b4197a5355648885e", size = 1960828, upload-time = "2022-11-01T20:31:52.02Z" }
wheels = [
    { url = "https://files.pythonhosted.org/packages/42/31/d2f89f1ae42718f8c8a9e440ebe38d7d5fe1e0d9eb9178ce779e365b3ab0/networkx-2.8.8-py3-none-any.whl", hash = "sha256:e435dfa75b1d7195c7b8378c3859f0445cd88c6b0375c181ed66823a9ceb7524", size = 2025192, upload-time = "2022-11-01T20:31:49.035Z" },
]

[[package]]
name = "numpy"
version = "1.23.5"
source = { registry = "https://pypi.org/simple" }
sdist = { url = "https://files.pythonhosted.org/packages/42/38/775b43da55fa7473015eddc9a819571517d9a271a9f8134f68fb9be2f212/numpy-1.23.5.tar.gz", hash = "sha256:1b1766d6f397c18153d40015ddfc79ddb715cabadc04d2d228d4e5a8bc4ded1a", size = 10731755, upload-time = "2022-11-20T01:31:41.068Z" }
wheels = [
    { url = "https://files.pythonhosted.org/packages/0f/ae/dad4b8e7c65494cbbd1c063de114efaf9acd0f5f6171f044f0d4b6299787/numpy-1.23.5-cp310-cp310-macosx_10_9_x86_64.whl", hash = "sha256:9c88793f78fca17da0145455f0d7826bcb9f37da4764af27ac945488116efe63", size = 18118138, upload-time = "2022-11-20T01:21:22.661Z" },
    { url = "https://files.pythonhosted.org/packages/4d/39/d33202cc56c21123a50c6d5e160d00c18ff685ab864dbd4bf80dd40a7af9/numpy-1.23.5-cp310-cp310-macosx_11_0_arm64.whl", hash = "sha256:e9f4c4e51567b616be64e05d517c79a8a22f3606499941d97bb76f2ca59f982d", size = 13350465, upload-time = "2022-11-20T01:21:43.839Z" },
    { url = "https://files.pythonhosted.org/packages/67/6b/d7c93d458d16464da9b3f560a20c363a19e242ebbb019bd1e1d797523851/numpy-1.23.5-cp310-cp310-manylinux_2_17_aarch64.manylinux2014_aarch64.whl", hash = "sha256:7903ba8ab592b82014713c491f6c5d3a1cde5b4a3bf116404e08f5b52f6daf43", size = 13946528, upload-time = "2022-11-20T01:22:04.839Z" },
    { url = "https://files.pythonhosted.org/packages/e4/f3/679b3a042a127de0d7c84874913c3e23bb84646eb3bc6ecab3f8c872edc9/numpy-1.23.5-cp310-cp310-manylinux_2_17_x86_64.manylinux2014_x86_64.whl", hash = "sha256:5e05b1c973a9f858c74367553e236f287e749465f773328c8ef31abe18f691e1", size = 17059657, upload-time = "2022-11-20T01:22:30.262Z" },
    { url = "https://files.pythonhosted.org/packages/af/92/8efba008b9bda66456a1844a0e133dc76c08c5fb68c67a674f046211db29/numpy-1.23.5-cp310-cp310-win32.whl", hash = "sha256:522e26bbf6377e4d76403826ed689c295b0b238f46c28a7251ab94716da0b280", size = 12197097, upload-time = "2022-11-20T01:22:49.117Z" },
    { url = "https://files.pythonhosted.org/packages/6a/03/ae6c3c307f9c5c7516de3df3e764ebb1de33e54e197f0370992138433ef4/numpy-1.23.5-cp310-cp310-win_amd64.whl", hash = "sha256:dbee87b469018961d1ad79b1a5d50c0ae850000b639bcb1b694e9981083243b6", size = 14647128, upload-time = "2022-11-20T01:23:11.326Z" },
    { url = "https://files.pythonhosted.org/packages/6e/7f/94797cfe0263a30805f3074e535adfde02b885ac43d1e4dac85f82213b0b/numpy-1.23.5-cp311-cp311-macosx_10_9_x86_64.whl", hash = "sha256:ce571367b6dfe60af04e04a1834ca2dc5f46004ac1cc756fb95319f64c095a96", size = 18089545, upload-time = "2022-11-20T01:23:38.331Z" },
    { url = "https://files.pythonhosted.org/packages/b8/d0/e6a2cb9a3f3e863a43e50949e9ae704be70baf398fd5af59355f65c8740a/numpy-1.23.5-cp311-cp311-macosx_11_0_arm64.whl", hash = "sha256:56e454c7833e94ec9769fa0f86e6ff8e42ee38ce0ce1fa4cbb747ea7e06d56aa", size = 13323710, upload-time = "2022-11-20T01:23:59.294Z" },
    { url = "https://files.pythonhosted.org/packages/2b/1a/9ac00116d3a64b5ea031fdb2ff071062a6e2140553fa0770b5f007b84252/numpy-1.23.5-cp311-cp311-manylinux_2_17_aarch64.manylinux2014_aarch64.whl", hash = "sha256:5039f55555e1eab31124a5768898c9e22c25a65c1e0037f4d7c495a45778c9f2", size = 13941957, upload-time = "2022-11-20T01:24:20.119Z" },
    { url = "https://files.pythonhosted.org/packages/e8/ad/b935c7421657a032fd2a5332eed098f3b9993a155afceb1daa280ff6611f/numpy-1.23.5-cp311-cp311-manylinux_2_17_x86_64.manylinux2014_x86_64.whl", hash = "sha256:58f545efd1108e647604a1b5aa809591ccd2540f468a880bedb97247e72db387", size = 17056806, upload-time = "2022-11-20T01:24:45.574Z" },
    { url = "https://files.pythonhosted.org/packages/9b/55/a2669debe264b1f22a8133734595128e40b96a8066e17e53e8d160168e41/numpy-1.23.5-cp311-cp311-win32.whl", hash = "sha256:b2a9ab7c279c91974f756c84c365a669a887efa287365a8e2c418f8b3ba73fb0", size = 12190498, upload-time = "2022-11-20T01:25:04.859Z" },
    { url = "https://files.pythonhosted.org/packages/19/0d/b8c34e4baf258d77a8592bdce45183e9a12874c167f5966c7dd467b74ea9/numpy-1.23.5-cp311-cp311-win_amd64.whl", hash = "sha256:0cbe9848fad08baf71de1a39e12d1b6310f1d5b2d0ea4de051058e6e1076852d", size = 14638838, upload-time = "2022-11-20T01:25:26.972Z" },
]

[[package]]
name = "pandas"
version = "1.5.2"
source = { registry = "https://pypi.org/simple" }
dependencies = [
    { name = "numpy" },
    { name = "python-dateutil" },
    { name = "pytz" },
]
sdist = { url = "https://files.pythonhosted.org/packages/4d/07/c4d69e1acb7723ca49d24fc60a89aa07a914dfb8e7a07fdbb9d8646630cd/pandas-1.5.2.tar.gz", hash = "sha256:220b98d15cee0b2cd839a6358bd1f273d0356bf964c1a1aeb32d47db0215488b", size = 5201551, upload-time = "2022-11-23T05:52:28.727Z" }
wheels = [
    { url = "https://files.pythonhosted.org/packages/16/ca/83e8a97e1a66f2bcc09e24ddec32755ddfe5d2a162c1eb493ee02a0f77a3/pandas-1.5.2-cp310-cp310-macosx_10_9_universal2.whl", hash = "sha256:e9dbacd22555c2d47f262ef96bb4e30880e5956169741400af8b306bbb24a273", size = 18524846, upload-time = "2022-11-23T05:49:21.021Z" },
    { url = "https://files.pythonhosted.org/packages/67/a3/903393efaae5be8c11cd01ea5b950bc9950096574ef9ca79466779840b63/pandas-1.5.2-cp310-cp310-macosx_10_9_x86_64.whl", hash = "sha256:e2b83abd292194f350bb04e188f9379d36b8dfac24dd445d5c87575f3beaf789", size = 11970836, upload-time = "2022-11-23T05:49:30.186Z" },
    { url = "https://files.pythonhosted.org/packages/0c/13/a1b217a8665099b9a069f726178e86bd4c01aee37576f19936793b436f85/pandas-1.5.2-cp310-cp310-macosx_11_0_arm64.whl", hash = "sha256:2552bffc808641c6eb471e55aa6899fa002ac94e4eebfa9ec058649122db5824", size = 10837197, upload-time = "2022-11-23T05:49:38.392Z" },
    { url = "https://files.pythonhosted.org/packages/b7/a4/f40c5a989c2b9381ebe3a19be28a15469a9233c83a82ca86f8abe455f41b/pandas-1.5.2-cp310-cp310-manylinux_2_17_aarch64.manylinux2014_aarch64.whl", hash = "sha256:1fc87eac0541a7d24648a001d553406f4256e744d92df1df8ebe41829a915028", size = 11365972, upload-time = "2022-11-23T05:49:46.741Z" },
    { url = "https://files.pythonhosted.org/packages/60/e3/d90929366de6562529cd98f81b5735bd71230c99764e19dd26bfd99c0e33/pandas-1.5.2-cp310-cp310-manylinux_2_17_x86_64.manylinux2014_x86_64.whl", hash = "sha256:d0d8fd58df5d17ddb8c72a5075d87cd80d71b542571b5f78178fb067fa4e9c72", size = 12058937, upload-time = "2022-11-23T05:50:06.151Z" },
    { url = "https://files.pythonhosted.org/packages/ff/2f/f7a9deb154eabd2e99cf1bcccefb3c7529d126cb2b551070dc8226a96282/pandas-1.5.2-cp310-cp310-win_amd64.whl", hash = "sha256:4aed257c7484d01c9a194d9a94758b37d3d751849c05a0050c087a358c41ad1f", size = 10358822, upload-time = "2022-11-23T05:50:14.99Z" },
    { url = "https://files.pythonhosted.org/packages/51/e3/7627c324661db1c891a6814c343be6c6a238d13868dd8f01a6d4f388dab0/pandas-1.5.2-cp311-cp311-macosx_10_9_universal2.whl", hash = "sha256:375262829c8c700c3e7cbb336810b94367b9c4889818bbd910d0ecb4e45dc261", size = 18265892, upload-time = "2022-11-23T05:50:21.579Z" },
    { url = "https://files.pythonhosted.org/packages/bc/3a/4ee3bd4daac874ae484161802f3c8ecdafa68b3b97685e93ef1ef9e3814d/pandas-1.5.2-cp311-cp311-macosx_10_9_x86_64.whl", hash = "sha256:cc3cd122bea268998b79adebbb8343b735a5511ec14efb70a39e7acbc11ccbdc", size = 11851225, upload-time = "2022-11-23T05:50:28.965Z" },
    { url = "https://files.pythonhosted.org/packages/24/fa/7786bedc2d2b2c84787553800c85d7d2b165c51f03922b441594d1b67f8d/pandas-1.5.2-cp311-cp311-macosx_11_0_arm64.whl", hash = "sha256:b4f5a82afa4f1ff482ab8ded2ae8a453a2cdfde2001567b3ca24a4c5c5ca0db3", size = 10706048, upload-time = "2022-11-23T05:50:34.451Z" },
    { url = "https://files.pythonhosted.org/packages/f3/a5/6ef3a6ccf1f0962fa378b3d0842060ba6288ddc036b230c190849dcdad08/pandas-1.5.2-cp311-cp311-manylinux_2_17_aarch64.manylinux2014_aarch64.whl", hash = "sha256:8092a368d3eb7116e270525329a3e5c15ae796ccdf7ccb17839a73b4f5084a39", size = 11371433, upload-time = "2022-11-23T05:50:40.822Z" },
    { url = "https://files.pythonhosted.org/packages/b6/ba/a5ed09e4044c683fab1dec7a18fb139db0afde61def7a4d8fa2848a2d9c8/pandas-1.5.2-cp311-cp311-manylinux_2_17_x86_64.manylinux2014_x86_64.whl", hash = "sha256:f6257b314fc14958f8122779e5a1557517b0f8e500cfb2bd53fa1f75a8ad0af2", size = 12013615, upload-time = "2022-11-23T05:50:47.987Z" },
    { url = "https://files.pythonhosted.org/packages/af/25/4cbf835f48366ac1007ca959781d1ac770caa36cd27af148dacdde18d397/pandas-1.5.2-cp311-cp311-win_amd64.whl", hash = "sha256:82ae615826da838a8e5d4d630eb70c993ab8636f0eff13cb28aafc4291b632b5", size = 10299556, upload-time = "2022-11-23T05:50:54.199Z" },
]

[[package]]
name = "python-dateutil"
version = "2.9.0.post0"
source = { registry = "https://pypi.org/simple" }
dependencies = [
    { name = "six" },
]
sdist = { url = "https://files.pythonhosted.org/packages/66/c0/0c8b6ad9f17a802ee498c46e004a0eb49bc148f2fd230864601a86dcf6db/python-dateutil-2.9.0.post0.tar.gz", hash = "sha256:37dd54208da7e1cd875388217d5e00ebd4179249f90fb72437e91a35459a0ad3", size = 342432, upload-time = "2024-03-01T18:36:20.211Z" }
wheels = [
    { url = "https://files.pythonhosted.org/packages/ec/57/56b9bcc3c9c6a792fcbaf139543cee77261f3651ca9da0c93f5c1221264b/python_dateutil-2.9.0.post0-py2.py3-none-any.whl", hash = "sha256:a8b2bc7bffae282281c8140a97d3aa9c14da0b136dfe83f850eea9a5f7470427", size = 229892, upload-time = "2024-03-01T18:36:18.57Z" },
]

[[package]]
name = "pytz"
version = "2025.2"
source = { registry = "https://pypi.org/simple" }
sdist = { url = "https://files.pythonhosted.org/packages/f8/bf/abbd3cdfb8fbc7fb3d4d38d320f2441b1e7cbe29be4f23797b4a2b5d8aac/pytz-2025.2.tar.gz", hash = "sha256:360b9e3dbb49a209c21ad61809c7fb453643e048b38924c765813546746e81c3", size = 320884, upload-time = "2025-03-25T02:25:00.538Z" }
wheels = [
    { url = "https://files.pythonhosted.org/packages/81/c4/34e93fe5f5429d7570ec1fa436f1986fb1f00c3e0f43a589fe2bbcd22c3f/pytz-2025.2-py2.py3-none-any.whl", hash = "sha256:5ddf76296dd8c44c26eb8f4b6f35488f3ccbf6fbbd7adee0b7262d43f0ec2f00", size = 509225, upload-time = "2025-03-25T02:24:58.468Z" },
]

[[package]]
name = "scipy"
version = "1.9.3"
source = { registry = "https://pypi.org/simple" }
dependencies = [
    { name = "numpy" },
]
sdist = { url = "https://files.pythonhosted.org/packages/0a/2e/44795c6398e24e45fa0bb61c3e98de1cfea567b1b51efd3751e2f7ff9720/scipy-1.9.3.tar.gz", hash = "sha256:fbc5c05c85c1a02be77b1ff591087c83bc44579c6d2bd9fb798bb64ea5e1a027", size = 42075414, upload-time = "2022-10-20T02:33:46.579Z" }
wheels = [
    { url = "https://files.pythonhosted.org/packages/fb/ba/1733dbbc19f2aa07d100cfa220bcc83a3977bc5c9f0a5ad262dae1f3ab90/scipy-1.9.3-cp310-cp310-macosx_10_9_x86_64.whl", hash = "sha256:1884b66a54887e21addf9c16fb588720a8309a57b2e258ae1c7986d4444d3bc0", size = 34256730, upload-time = "2022-10-20T00:42:06.901Z" },
    { url = "https://files.pythonhosted.org/packages/40/0e/3ff193b6ba6a0a6f13f8d367e8976370232e769bd609c8c11d86e0353adf/scipy-1.9.3-cp310-cp310-macosx_12_0_arm64.whl", hash = "sha256:83b89e9586c62e787f5012e8475fbb12185bafb996a03257e9675cd73d3736dd", size = 28476875, upload-time = "2022-10-20T00:42:50.001Z" },
    { url = "https://files.pythonhosted.org/packages/ce/28/635391e72e24bd3f4a91e374f4a186a5e4ecc95f23d8a55c9b0d25777cf7/scipy-1.9.3-cp310-cp310-manylinux_2_17_aarch64.manylinux2014_aarch64.whl", hash = "sha256:1a72d885fa44247f92743fc20732ae55564ff2a519e8302fb7e18717c5355a8b", size = 30074945, upload-time = "2022-10-20T00:43:37.267Z" },
    { url = "https://files.pythonhosted.org/packages/59/0b/8a9acfc5c36bbf6e18d02f3a08db5b83bebba510be2df3230f53852c74a4/scipy-1.9.3-cp310-cp310-manylinux_2_17_x86_64.manylinux2014_x86_64.whl", hash = "sha256:d01e1dd7b15bd2449c8bfc6b7cc67d630700ed655654f0dfcf121600bad205c9", size = 33696104, upload-time = "2022-10-20T00:44:27.062Z" },
    { url = "https://files.pythonhosted.org/packages/cf/0e/3f1685c1fcb5dfe35ec027a5fc7a29e8818c61b2cc7fa207b4fc7b959f52/scipy-1.9.3-cp310-cp310-win_amd64.whl", hash = "sha256:68239b6aa6f9c593da8be1509a05cb7f9efe98b80f43a5861cd24c7557e98523", size = 40141232, upload-time = "2022-10-20T00:45:26.9Z" },
    { url = "https://files.pythonhosted.org/packages/df/75/c0254dc58d1f1b00f9d3dbda029743b71b815dd512461ed20d9b7f459e37/scipy-1.9.3-cp311-cp311-macosx_10_9_x86_64.whl", hash = "sha256:b41bc822679ad1c9a5f023bc93f6d0543129ca0f37c1ce294dd9d386f0a21096", size = 34169717, upload-time = "2022-10-20T00:46:35.368Z" },
    { url = "https://files.pythonhosted.org/packages/c3/3e/e40c52775a5d19abd43b1c245fbc5dee283a29acc45c830bc73bfad9468b/scipy-1.9.3-cp311-cp311-macosx_12_0_arm64.whl", hash = "sha256:90453d2b93ea82a9f434e4e1cba043e779ff67b92f7a0e85d05d286a3625df3c", size = 28399326, upload-time = "2022-10-20T00:47:54.669Z" },
    { url = "https://files.pythonhosted.org/packages/f9/37/5cd44af74d7178a44452b17ea162bc93996d5555b4a978877d2efd56fe84/scipy-1.9.3-cp311-cp311-manylinux_2_17_aarch64.manylinux2014_aarch64.whl", hash = "sha256:83c06e62a390a9167da60bedd4575a14c1f58ca9dfde59830fc42e5197283dab", size = 29856568, upload-time = "2022-10-20T00:49:22.012Z" },
    { url = "https://files.pythonhosted.org/packages/92/f9/7ae2c1ae200212bc84b5a8369a10d644aa8b588140fe292d59db3b4a2545/scipy-1.9.3-cp311-cp311-manylinux_2_17_x86_64.manylinux2014_x86_64.whl", hash = "sha256:abaf921531b5aeaafced90157db505e10345e45038c39e5d9b6c7922d68085cb", size = 33430216, upload-time = "2022-10-20T00:50:29.655Z" },
    { url = "https://files.pythonhosted.org/packages/42/81/0a64d2204c3b261380ac96c6d61f018528108b62c0e21e6153a58cebf4f6/scipy-1.9.3-cp311-cp311-win_amd64.whl", hash = "sha256:06d2e1b4c491dc7d8eacea139a1b0b295f74e1a1a0f704c375028f8320d16e31", size = 39884175, upload-time = "2022-10-20T00:51:29.793Z" },
]

[[package]]
name = "six"
version = "1.17.0"
source = { registry = "https://pypi.org/simple" }
sdist = { url = "https://files.pythonhosted.org/packages/94/e7/b2c673351809dca68a0e064b6af791aa332cf192da575fd474ed7d6f16a2/six-1.17.0.tar.gz", hash = "sha256:ff70335d468e7eb6ec65b95b99d3a2836546063f63acc5171de367e834932a81", size = 34031, upload-time = "2024-12-04T17:35:28.174Z" }
wheels = [
    { url = "https://files.pythonhosted.org/packages/b7/ce/149a00dd41f10bc29e5921b496af8b574d8413afcd5e30dfa0ed46c2cc5e/six-1.17.0-py2.py3-none-any.whl", hash = "sha256:4721f391ed90541fddacab5acf947aa0d3dc7d27b2e1e8eda2be8970586c3274", size = 11050, upload-time = "2024-12-04T17:35:26.475Z" },
]
